
Microsoft Visual Studio Solution File, Format Version 12.00
# Visual Studio Version 16
VisualStudioVersion = 16.0.31229.75
MinimumVisualStudioVersion = 10.0.40219.1
Project("{FAE04EC0-301F-11D3-BF4B-00C04F79EFBC}") = "HelloWorld", "HelloWorld\HelloWorld.csproj", "{3A0F0AA9-DA52-47A2-9F45-04CB919B4173}"
EndProject
Global
	GlobalSection(SolutionConfigurationPlatforms) = preSolution
		Debug|Any CPU = Debug|Any CPU
		Release|Any CPU = Release|Any CPU
	EndGlobalSection
	GlobalSection(ProjectConfigurationPlatforms) = postSolution
		{3A0F0AA9-DA52-47A2-9F45-04CB919B4173}.Debug|Any CPU.ActiveCfg = Debug|Any CPU
		{3A0F0AA9-DA52-47A2-9F45-04CB919B4173}.Debug|Any CPU.Build.0 = Debug|Any CPU
		{3A0F0AA9-DA52-47A2-9F45-04CB919B4173}.Release|Any CPU.ActiveCfg = Release|Any CPU
		{3A0F0AA9-DA52-47A2-9F45-04CB919B4173}.Release|Any CPU.Build.0 = Release|Any CPU
	EndGlobalSection
	GlobalSection(SolutionProperties) = preSolution
		HideSolutionNode = FALSE
	EndGlobalSection
	GlobalSection(ExtensibilityGlobals) = postSolution
		SolutionGuid = {1C0A4900-D5D3-4D56-B658-35AB5D7321C2}
	EndGlobalSection
EndGlobal
